
Microsoft Visual Studio Solution File, Format Version 12.00
# Visual Studio 15
VisualStudioVersion = 15.0.28307.572
MinimumVisualStudioVersion = 10.0.40219.1
Project("{FAE04EC0-301F-11D3-BF4B-00C04F79EFBC}") = "Names", "Names\Names.csproj", "{31AED291-F17B-47FA-B2E0-270A9C19410B}"
EndProject
Project("{FAE04EC0-301F-11D3-BF4B-00C04F79EFBC}") = "Functions", "Functions\Functions.csproj", "{D1AC4B5F-47B1-42E2-8F60-0F94B47E5AF5}"
EndProject
Project("{FAE04EC0-301F-11D3-BF4B-00C04F79EFBC}") = "ObjectsAndDataStructures", "ObjectsAndDataStructures\ObjectsAndDataStructures.csproj", "{51497F21-51ED-4C1F-901A-AA2DDE50C5E7}"
EndProject
Project("{2150E333-8FDC-42A3-9474-1A3956D46DE8}") = "Functions", "Functions", "{C2CBCE38-E7AF-4035-B2FA-8EA754F2ADC6}"
EndProject
Project("{2150E333-8FDC-42A3-9474-1A3956D46DE8}") = "TestAnswers", "TestAnswers", "{7E201E6F-D2DF-47F6-8787-008B155838E9}"
EndProject
Project("{FAE04EC0-301F-11D3-BF4B-00C04F79EFBC}") = "Functions.Test.Answers.Core", "Functions.Test.Answers.Core\Functions.Test.Answers.Core.csproj", "{C23BA443-5D9E-47BF-88DA-E6EF25841951}"
EndProject
Project("{FAE04EC0-301F-11D3-BF4B-00C04F79EFBC}") = "Functions.Test.Answers.API", "Functions.Test.Answers.API\Functions.Test.Answers.API.csproj", "{B26C24D9-B60C-480F-A7B9-7016628E0EF3}"
EndProject
Project("{2150E333-8FDC-42A3-9474-1A3956D46DE8}") = "Errors", "Errors", "{86221D73-9822-4DA6-9A0F-D0A2A940B592}"
EndProject
Project("{FAE04EC0-301F-11D3-BF4B-00C04F79EFBC}") = "Errors.Examples", "Errors.Examples\Errors.Examples.csproj", "{44F15D4A-E9FC-44C2-AF6E-D348ADCD320B}"
EndProject
Project("{2150E333-8FDC-42A3-9474-1A3956D46DE8}") = "ObjectsAndStructures", "ObjectsAndStructures", "{1140E696-DFCA-40A2-A4D8-0D142B0E8EE4}"
EndProject
Project("{2150E333-8FDC-42A3-9474-1A3956D46DE8}") = "TestAnswers", "TestAnswers", "{057E8CF9-AE6B-43F2-9FB6-1735A422EF5E}"
EndProject
Project("{FAE04EC0-301F-11D3-BF4B-00C04F79EFBC}") = "ObjectsAndStructures.Test.Answers.Auction.OOP", "ObjectsAndStructures.Test.Answers.Auction.OOP\ObjectsAndStructures.Test.Answers.Auction.OOP.csproj", "{226B4771-E565-4A7D-A82E-3AA7937991B1}"
EndProject
Global
	GlobalSection(SolutionConfigurationPlatforms) = preSolution
		Debug|Any CPU = Debug|Any CPU
		Release|Any CPU = Release|Any CPU
	EndGlobalSection
	GlobalSection(ProjectConfigurationPlatforms) = postSolution
		{31AED291-F17B-47FA-B2E0-270A9C19410B}.Debug|Any CPU.ActiveCfg = Debug|Any CPU
		{31AED291-F17B-47FA-B2E0-270A9C19410B}.Debug|Any CPU.Build.0 = Debug|Any CPU
		{31AED291-F17B-47FA-B2E0-270A9C19410B}.Release|Any CPU.ActiveCfg = Release|Any CPU
		{31AED291-F17B-47FA-B2E0-270A9C19410B}.Release|Any CPU.Build.0 = Release|Any CPU
		{D1AC4B5F-47B1-42E2-8F60-0F94B47E5AF5}.Debug|Any CPU.ActiveCfg = Debug|Any CPU
		{D1AC4B5F-47B1-42E2-8F60-0F94B47E5AF5}.Debug|Any CPU.Build.0 = Debug|Any CPU
		{D1AC4B5F-47B1-42E2-8F60-0F94B47E5AF5}.Release|Any CPU.ActiveCfg = Release|Any CPU
		{D1AC4B5F-47B1-42E2-8F60-0F94B47E5AF5}.Release|Any CPU.Build.0 = Release|Any CPU
		{51497F21-51ED-4C1F-901A-AA2DDE50C5E7}.Debug|Any CPU.ActiveCfg = Debug|Any CPU
		{51497F21-51ED-4C1F-901A-AA2DDE50C5E7}.Debug|Any CPU.Build.0 = Debug|Any CPU
		{51497F21-51ED-4C1F-901A-AA2DDE50C5E7}.Release|Any CPU.ActiveCfg = Release|Any CPU
		{51497F21-51ED-4C1F-901A-AA2DDE50C5E7}.Release|Any CPU.Build.0 = Release|Any CPU
		{C23BA443-5D9E-47BF-88DA-E6EF25841951}.Debug|Any CPU.ActiveCfg = Debug|Any CPU
		{C23BA443-5D9E-47BF-88DA-E6EF25841951}.Debug|Any CPU.Build.0 = Debug|Any CPU
		{C23BA443-5D9E-47BF-88DA-E6EF25841951}.Release|Any CPU.ActiveCfg = Release|Any CPU
		{C23BA443-5D9E-47BF-88DA-E6EF25841951}.Release|Any CPU.Build.0 = Release|Any CPU
		{B26C24D9-B60C-480F-A7B9-7016628E0EF3}.Debug|Any CPU.ActiveCfg = Debug|Any CPU
		{B26C24D9-B60C-480F-A7B9-7016628E0EF3}.Debug|Any CPU.Build.0 = Debug|Any CPU
		{B26C24D9-B60C-480F-A7B9-7016628E0EF3}.Release|Any CPU.ActiveCfg = Release|Any CPU
		{B26C24D9-B60C-480F-A7B9-7016628E0EF3}.Release|Any CPU.Build.0 = Release|Any CPU
		{44F15D4A-E9FC-44C2-AF6E-D348ADCD320B}.Debug|Any CPU.ActiveCfg = Debug|Any CPU
		{44F15D4A-E9FC-44C2-AF6E-D348ADCD320B}.Debug|Any CPU.Build.0 = Debug|Any CPU
		{44F15D4A-E9FC-44C2-AF6E-D348ADCD320B}.Release|Any CPU.ActiveCfg = Release|Any CPU
		{44F15D4A-E9FC-44C2-AF6E-D348ADCD320B}.Release|Any CPU.Build.0 = Release|Any CPU
		{226B4771-E565-4A7D-A82E-3AA7937991B1}.Debug|Any CPU.ActiveCfg = Debug|Any CPU
		{226B4771-E565-4A7D-A82E-3AA7937991B1}.Debug|Any CPU.Build.0 = Debug|Any CPU
		{226B4771-E565-4A7D-A82E-3AA7937991B1}.Release|Any CPU.ActiveCfg = Release|Any CPU
		{226B4771-E565-4A7D-A82E-3AA7937991B1}.Release|Any CPU.Build.0 = Release|Any CPU
	EndGlobalSection
	GlobalSection(SolutionProperties) = preSolution
		HideSolutionNode = FALSE
	EndGlobalSection
	GlobalSection(NestedProjects) = preSolution
		{D1AC4B5F-47B1-42E2-8F60-0F94B47E5AF5} = {C2CBCE38-E7AF-4035-B2FA-8EA754F2ADC6}
		{51497F21-51ED-4C1F-901A-AA2DDE50C5E7} = {1140E696-DFCA-40A2-A4D8-0D142B0E8EE4}
		{7E201E6F-D2DF-47F6-8787-008B155838E9} = {C2CBCE38-E7AF-4035-B2FA-8EA754F2ADC6}
		{C23BA443-5D9E-47BF-88DA-E6EF25841951} = {7E201E6F-D2DF-47F6-8787-008B155838E9}
		{B26C24D9-B60C-480F-A7B9-7016628E0EF3} = {7E201E6F-D2DF-47F6-8787-008B155838E9}
		{44F15D4A-E9FC-44C2-AF6E-D348ADCD320B} = {86221D73-9822-4DA6-9A0F-D0A2A940B592}
		{057E8CF9-AE6B-43F2-9FB6-1735A422EF5E} = {1140E696-DFCA-40A2-A4D8-0D142B0E8EE4}
		{226B4771-E565-4A7D-A82E-3AA7937991B1} = {057E8CF9-AE6B-43F2-9FB6-1735A422EF5E}
	EndGlobalSection
	GlobalSection(ExtensibilityGlobals) = postSolution
		SolutionGuid = {B231AFE5-74DA-4F1A-891D-FC14AEF4706C}
	EndGlobalSection
EndGlobal
