
Microsoft Visual Studio Solution File, Format Version 12.00
# Visual Studio 15
VisualStudioVersion = 15.0.28307.572
MinimumVisualStudioVersion = 10.0.40219.1
Project("{FAE04EC0-301F-11D3-BF4B-00C04F79EFBC}") = "Names", "Names\Names.csproj", "{31AED291-F17B-47FA-B2E0-270A9C19410B}"
EndProject
Project("{FAE04EC0-301F-11D3-BF4B-00C04F79EFBC}") = "Functions", "Functions\Functions.csproj", "{D1AC4B5F-47B1-42E2-8F60-0F94B47E5AF5}"
EndProject
Project("{FAE04EC0-301F-11D3-BF4B-00C04F79EFBC}") = "Comments", "Comments\Comments.csproj", "{B665286C-C74A-49CC-805C-8AE283AFDB27}"
EndProject
Global
	GlobalSection(SolutionConfigurationPlatforms) = preSolution
		Debug|Any CPU = Debug|Any CPU
		Release|Any CPU = Release|Any CPU
	EndGlobalSection
	GlobalSection(ProjectConfigurationPlatforms) = postSolution
		{31AED291-F17B-47FA-B2E0-270A9C19410B}.Debug|Any CPU.ActiveCfg = Debug|Any CPU
		{31AED291-F17B-47FA-B2E0-270A9C19410B}.Debug|Any CPU.Build.0 = Debug|Any CPU
		{31AED291-F17B-47FA-B2E0-270A9C19410B}.Release|Any CPU.ActiveCfg = Release|Any CPU
		{31AED291-F17B-47FA-B2E0-270A9C19410B}.Release|Any CPU.Build.0 = Release|Any CPU
		{D1AC4B5F-47B1-42E2-8F60-0F94B47E5AF5}.Debug|Any CPU.ActiveCfg = Debug|Any CPU
		{D1AC4B5F-47B1-42E2-8F60-0F94B47E5AF5}.Debug|Any CPU.Build.0 = Debug|Any CPU
		{D1AC4B5F-47B1-42E2-8F60-0F94B47E5AF5}.Release|Any CPU.ActiveCfg = Release|Any CPU
		{D1AC4B5F-47B1-42E2-8F60-0F94B47E5AF5}.Release|Any CPU.Build.0 = Release|Any CPU
		{B665286C-C74A-49CC-805C-8AE283AFDB27}.Debug|Any CPU.ActiveCfg = Debug|Any CPU
		{B665286C-C74A-49CC-805C-8AE283AFDB27}.Debug|Any CPU.Build.0 = Debug|Any CPU
		{B665286C-C74A-49CC-805C-8AE283AFDB27}.Release|Any CPU.ActiveCfg = Release|Any CPU
		{B665286C-C74A-49CC-805C-8AE283AFDB27}.Release|Any CPU.Build.0 = Release|Any CPU
	EndGlobalSection
	GlobalSection(SolutionProperties) = preSolution
		HideSolutionNode = FALSE
	EndGlobalSection
	GlobalSection(ExtensibilityGlobals) = postSolution
		SolutionGuid = {B231AFE5-74DA-4F1A-891D-FC14AEF4706C}
	EndGlobalSection
EndGlobal
